
Microsoft Visual Studio Solution File, Format Version 12.00
# Visual Studio 14
VisualStudioVersion = 14.0.25420.1
MinimumVisualStudioVersion = 10.0.40219.1
Project("{8BC9CEB8-8B4A-11D0-8D11-00A0C91BC942}") = "LibKRT", "LibKRT\LibKRT.vcxproj", "{D3295BB3-9702-4C36-A4D3-AD50C20A7299}"
EndProject
Project("{8BC9CEB8-8B4A-11D0-8D11-00A0C91BC942}") = "KRTForge", "KRTForge\KRTForge.vcxproj", "{D107006E-F4C2-48BC-850B-490EAC284DFE}"
EndProject
Project("{8BC9CEB8-8B4A-11D0-8D11-00A0C91BC942}") = "Demo01", "Demo01\Demo01.vcxproj", "{4874E7FD-AF51-4498-A81D-F9DAD4621B62}"
	ProjectSection(ProjectDependencies) = postProject
		{D3295BB3-9702-4C36-A4D3-AD50C20A7299} = {D3295BB3-9702-4C36-A4D3-AD50C20A7299}
	EndProjectSection
EndProject
Global
	GlobalSection(SolutionConfigurationPlatforms) = preSolution
		Debug|x64 = Debug|x64
		Debug|x86 = Debug|x86
		Release|x64 = Release|x64
		Release|x86 = Release|x86
	EndGlobalSection
	GlobalSection(ProjectConfigurationPlatforms) = postSolution
		{D3295BB3-9702-4C36-A4D3-AD50C20A7299}.Debug|x64.ActiveCfg = Debug|x64
		{D3295BB3-9702-4C36-A4D3-AD50C20A7299}.Debug|x64.Build.0 = Debug|x64
		{D3295BB3-9702-4C36-A4D3-AD50C20A7299}.Debug|x86.ActiveCfg = Debug|Win32
		{D3295BB3-9702-4C36-A4D3-AD50C20A7299}.Debug|x86.Build.0 = Debug|Win32
		{D3295BB3-9702-4C36-A4D3-AD50C20A7299}.Release|x64.ActiveCfg = Release|x64
		{D3295BB3-9702-4C36-A4D3-AD50C20A7299}.Release|x64.Build.0 = Release|x64
		{D3295BB3-9702-4C36-A4D3-AD50C20A7299}.Release|x86.ActiveCfg = Release|Win32
		{D3295BB3-9702-4C36-A4D3-AD50C20A7299}.Release|x86.Build.0 = Release|Win32
		{D107006E-F4C2-48BC-850B-490EAC284DFE}.Debug|x64.ActiveCfg = Debug|x64
		{D107006E-F4C2-48BC-850B-490EAC284DFE}.Debug|x64.Build.0 = Debug|x64
		{D107006E-F4C2-48BC-850B-490EAC284DFE}.Debug|x86.ActiveCfg = Debug|Win32
		{D107006E-F4C2-48BC-850B-490EAC284DFE}.Debug|x86.Build.0 = Debug|Win32
		{D107006E-F4C2-48BC-850B-490EAC284DFE}.Release|x64.ActiveCfg = Release|x64
		{D107006E-F4C2-48BC-850B-490EAC284DFE}.Release|x64.Build.0 = Release|x64
		{D107006E-F4C2-48BC-850B-490EAC284DFE}.Release|x86.ActiveCfg = Release|Win32
		{D107006E-F4C2-48BC-850B-490EAC284DFE}.Release|x86.Build.0 = Release|Win32
		{4874E7FD-AF51-4498-A81D-F9DAD4621B62}.Debug|x64.ActiveCfg = Debug|x64
		{4874E7FD-AF51-4498-A81D-F9DAD4621B62}.Debug|x64.Build.0 = Debug|x64
		{4874E7FD-AF51-4498-A81D-F9DAD4621B62}.Debug|x86.ActiveCfg = Debug|Win32
		{4874E7FD-AF51-4498-A81D-F9DAD4621B62}.Debug|x86.Build.0 = Debug|Win32
		{4874E7FD-AF51-4498-A81D-F9DAD4621B62}.Release|x64.ActiveCfg = Release|x64
		{4874E7FD-AF51-4498-A81D-F9DAD4621B62}.Release|x64.Build.0 = Release|x64
		{4874E7FD-AF51-4498-A81D-F9DAD4621B62}.Release|x86.ActiveCfg = Release|Win32
		{4874E7FD-AF51-4498-A81D-F9DAD4621B62}.Release|x86.Build.0 = Release|Win32
	EndGlobalSection
	GlobalSection(SolutionProperties) = preSolution
		HideSolutionNode = FALSE
	EndGlobalSection
	GlobalSection(ExtensibilityGlobals) = postSolution
		SolutionGuid = {D5171F6A-AC12-4BA3-960B-070D57AB74BF}
	EndGlobalSection
EndGlobal
